
Microsoft Visual Studio Solution File, Format Version 12.00
# Visual Studio Version 17
VisualStudioVersion = 17.11.35303.130
MinimumVisualStudioVersion = 10.0.40219.1
Project("{FAE04EC0-301F-11D3-BF4B-00C04F79EFBC}") = "Assignment2", "Assignment2\Assignment2.csproj", "{D91D22DA-7D42-4A66-AD12-DB9BAED12201}"
EndProject
Global
	GlobalSection(SolutionConfigurationPlatforms) = preSolution
		Debug|Any CPU = Debug|Any CPU
		Release|Any CPU = Release|Any CPU
	EndGlobalSection
	GlobalSection(ProjectConfigurationPlatforms) = postSolution
		{D91D22DA-7D42-4A66-AD12-DB9BAED12201}.Debug|Any CPU.ActiveCfg = Debug|Any CPU
		{D91D22DA-7D42-4A66-AD12-DB9BAED12201}.Debug|Any CPU.Build.0 = Debug|Any CPU
		{D91D22DA-7D42-4A66-AD12-DB9BAED12201}.Release|Any CPU.ActiveCfg = Release|Any CPU
		{D91D22DA-7D42-4A66-AD12-DB9BAED12201}.Release|Any CPU.Build.0 = Release|Any CPU
	EndGlobalSection
	GlobalSection(SolutionProperties) = preSolution
		HideSolutionNode = FALSE
	EndGlobalSection
	GlobalSection(ExtensibilityGlobals) = postSolution
		SolutionGuid = {059F2893-89FD-43F7-A591-515456E64DC1}
	EndGlobalSection
EndGlobal
